# This file is autogenerated, do not edit; changes may be undone by the next 'dep ensure'.


[[projects]]
  branch = "master"
  digest = "1:1b194d18c9c57a0b9e80580f4975aaaf18b01fa729973e668c76d4a86cf2b89e"
  name = "github.com/chanxuehong/util"
  packages = ["security"]
  pruneopts = "UT"
  revision = "3283ef9c9f257d87e79ade33fc113ec8a22c3b00"

[[projects]]
  branch = "master"
  digest = "1:5d474b29f04d6b8a360caa675e246626f526900640605bd07ea432da00bfde5e"
  name = "github.com/toolkits/file"
  packages = ["."]
  pruneopts = "UT"
  revision = "a5b3c5147e07f934d9f9d00b901a20b2529f1a57"

[[projects]]
  branch = "master"
  digest = "1:b3fabc72ae2bcba68ea779770489e0c48e9a7db918e2e8b440ccc869eaa6270b"
  name = "github.com/toolkits/web"
  packages = [
    "errors",
    "param",
  ]
  pruneopts = "UT"
  revision = "dc0f03327e1d58851ef88fca6e8008ffb6de806a"

[[projects]]
  branch = "v1"
  digest = "1:784c4273188dc2ba9b5f815f51bea4522597469e4fb59cb1102ef5460385c730"
  name = "gopkg.in/chanxuehong/wechat.v1"
  packages = [
    "corp",
    "corp/message/send",
    "internal/util",
    "json",
  ]
  pruneopts = "UT"
  revision = "aad7e298d1e79b3c757c61cd7b276998db27e995"

[solve-meta]
  analyzer-name = "dep"
  analyzer-version = 1
  input-imports = [
    "github.com/toolkits/file",
    "github.com/toolkits/web/param",
    "gopkg.in/chanxuehong/wechat.v1/corp",
    "gopkg.in/chanxuehong/wechat.v1/corp/message/send",
  ]
  solver-name = "gps-cdcl"
  solver-version = 1
